
Microsoft Visual Studio Solution File, Format Version 12.00
# Visual Studio Version 16
VisualStudioVersion = 16.0.31424.327
MinimumVisualStudioVersion = 10.0.40219.1
Project("{FAE04EC0-301F-11D3-BF4B-00C04F79EFBC}") = "DatabaseFirstDemo", "DatabaseFirstDemo\DatabaseFirstDemo.csproj", "{2DC17DD8-0E06-481C-8140-4A3D938D562E}"
EndProject
Project("{FAE04EC0-301F-11D3-BF4B-00C04F79EFBC}") = "CodeFirstDemoV2", "CodeFirstDemoV2\CodeFirstDemoV2.csproj", "{4AE1FF7B-8BB3-4C57-B14F-B583856DE47B}"
EndProject
Project("{FAE04EC0-301F-11D3-BF4B-00C04F79EFBC}") = "PlutoDbFirst", "PlutoDbFirst\PlutoDbFirst.csproj", "{ED903198-2447-4C61-92BB-4274D5E58E3C}"
EndProject
Project("{FAE04EC0-301F-11D3-BF4B-00C04F79EFBC}") = "PlutoCodeFirst", "PlutoCodeFirst\PlutoCodeFirst.csproj", "{3241A008-A481-484E-864D-D478B2472B56}"
EndProject
Project("{FAE04EC0-301F-11D3-BF4B-00C04F79EFBC}") = "PlutoCodeFirstExestingDb", "PlutoCodeFirstExestingDb\PlutoCodeFirstExestingDb.csproj", "{8034CAF9-0C18-40D3-924F-E89BC553D35A}"
EndProject
Project("{FAE04EC0-301F-11D3-BF4B-00C04F79EFBC}") = "DataAnnotations", "DataAnnotations\DataAnnotations.csproj", "{415B010B-3387-41C8-8649-98E423189105}"
EndProject
Project("{FAE04EC0-301F-11D3-BF4B-00C04F79EFBC}") = "FluentAPI", "FluentAPI\FluentAPI.csproj", "{48DBB8A9-8F8F-4E9B-97D6-1DA456480131}"
EndProject
Project("{FAE04EC0-301F-11D3-BF4B-00C04F79EFBC}") = "Queries", "Queries\Queries.csproj", "{D1776DED-C59A-4F8A-8C31-96EAE15BDF5A}"
EndProject
Global
	GlobalSection(SolutionConfigurationPlatforms) = preSolution
		Debug|Any CPU = Debug|Any CPU
		Release|Any CPU = Release|Any CPU
	EndGlobalSection
	GlobalSection(ProjectConfigurationPlatforms) = postSolution
		{2DC17DD8-0E06-481C-8140-4A3D938D562E}.Debug|Any CPU.ActiveCfg = Debug|Any CPU
		{2DC17DD8-0E06-481C-8140-4A3D938D562E}.Debug|Any CPU.Build.0 = Debug|Any CPU
		{2DC17DD8-0E06-481C-8140-4A3D938D562E}.Release|Any CPU.ActiveCfg = Release|Any CPU
		{2DC17DD8-0E06-481C-8140-4A3D938D562E}.Release|Any CPU.Build.0 = Release|Any CPU
		{4AE1FF7B-8BB3-4C57-B14F-B583856DE47B}.Debug|Any CPU.ActiveCfg = Debug|Any CPU
		{4AE1FF7B-8BB3-4C57-B14F-B583856DE47B}.Debug|Any CPU.Build.0 = Debug|Any CPU
		{4AE1FF7B-8BB3-4C57-B14F-B583856DE47B}.Release|Any CPU.ActiveCfg = Release|Any CPU
		{4AE1FF7B-8BB3-4C57-B14F-B583856DE47B}.Release|Any CPU.Build.0 = Release|Any CPU
		{ED903198-2447-4C61-92BB-4274D5E58E3C}.Debug|Any CPU.ActiveCfg = Debug|Any CPU
		{ED903198-2447-4C61-92BB-4274D5E58E3C}.Debug|Any CPU.Build.0 = Debug|Any CPU
		{ED903198-2447-4C61-92BB-4274D5E58E3C}.Release|Any CPU.ActiveCfg = Release|Any CPU
		{ED903198-2447-4C61-92BB-4274D5E58E3C}.Release|Any CPU.Build.0 = Release|Any CPU
		{3241A008-A481-484E-864D-D478B2472B56}.Debug|Any CPU.ActiveCfg = Debug|Any CPU
		{3241A008-A481-484E-864D-D478B2472B56}.Debug|Any CPU.Build.0 = Debug|Any CPU
		{3241A008-A481-484E-864D-D478B2472B56}.Release|Any CPU.ActiveCfg = Release|Any CPU
		{3241A008-A481-484E-864D-D478B2472B56}.Release|Any CPU.Build.0 = Release|Any CPU
		{8034CAF9-0C18-40D3-924F-E89BC553D35A}.Debug|Any CPU.ActiveCfg = Debug|Any CPU
		{8034CAF9-0C18-40D3-924F-E89BC553D35A}.Debug|Any CPU.Build.0 = Debug|Any CPU
		{8034CAF9-0C18-40D3-924F-E89BC553D35A}.Release|Any CPU.ActiveCfg = Release|Any CPU
		{8034CAF9-0C18-40D3-924F-E89BC553D35A}.Release|Any CPU.Build.0 = Release|Any CPU
		{415B010B-3387-41C8-8649-98E423189105}.Debug|Any CPU.ActiveCfg = Debug|Any CPU
		{415B010B-3387-41C8-8649-98E423189105}.Debug|Any CPU.Build.0 = Debug|Any CPU
		{415B010B-3387-41C8-8649-98E423189105}.Release|Any CPU.ActiveCfg = Release|Any CPU
		{415B010B-3387-41C8-8649-98E423189105}.Release|Any CPU.Build.0 = Release|Any CPU
		{48DBB8A9-8F8F-4E9B-97D6-1DA456480131}.Debug|Any CPU.ActiveCfg = Debug|Any CPU
		{48DBB8A9-8F8F-4E9B-97D6-1DA456480131}.Debug|Any CPU.Build.0 = Debug|Any CPU
		{48DBB8A9-8F8F-4E9B-97D6-1DA456480131}.Release|Any CPU.ActiveCfg = Release|Any CPU
		{48DBB8A9-8F8F-4E9B-97D6-1DA456480131}.Release|Any CPU.Build.0 = Release|Any CPU
		{D1776DED-C59A-4F8A-8C31-96EAE15BDF5A}.Debug|Any CPU.ActiveCfg = Debug|Any CPU
		{D1776DED-C59A-4F8A-8C31-96EAE15BDF5A}.Debug|Any CPU.Build.0 = Debug|Any CPU
		{D1776DED-C59A-4F8A-8C31-96EAE15BDF5A}.Release|Any CPU.ActiveCfg = Release|Any CPU
		{D1776DED-C59A-4F8A-8C31-96EAE15BDF5A}.Release|Any CPU.Build.0 = Release|Any CPU
	EndGlobalSection
	GlobalSection(SolutionProperties) = preSolution
		HideSolutionNode = FALSE
	EndGlobalSection
	GlobalSection(ExtensibilityGlobals) = postSolution
		SolutionGuid = {2B0E59CC-935D-4E01-88FE-B83704E04D1E}
	EndGlobalSection
EndGlobal
